
Microsoft Visual Studio Solution File, Format Version 12.00
# Visual Studio Version 17
VisualStudioVersion = 17.5.002.0
MinimumVisualStudioVersion = 10.0.40219.1
Project("{9A19103F-16F7-4668-BE54-9A1E7A4F7556}") = "BuffBlog", "BuffBlog.csproj", "{5256BC28-3365-42ED-9552-DFA2DD0CDF23}"
EndProject
Global
	GlobalSection(SolutionConfigurationPlatforms) = preSolution
		Debug|Any CPU = Debug|Any CPU
		Release|Any CPU = Release|Any CPU
	EndGlobalSection
	GlobalSection(ProjectConfigurationPlatforms) = postSolution
		{5256BC28-3365-42ED-9552-DFA2DD0CDF23}.Debug|Any CPU.ActiveCfg = Debug|Any CPU
		{5256BC28-3365-42ED-9552-DFA2DD0CDF23}.Debug|Any CPU.Build.0 = Debug|Any CPU
		{5256BC28-3365-42ED-9552-DFA2DD0CDF23}.Release|Any CPU.ActiveCfg = Release|Any CPU
		{5256BC28-3365-42ED-9552-DFA2DD0CDF23}.Release|Any CPU.Build.0 = Release|Any CPU
	EndGlobalSection
	GlobalSection(SolutionProperties) = preSolution
		HideSolutionNode = FALSE
	EndGlobalSection
	GlobalSection(ExtensibilityGlobals) = postSolution
		SolutionGuid = {939E2CC3-2640-4028-8CE9-02A711D2ECD4}
	EndGlobalSection
EndGlobal
